{
  "name": "PreCure Chat",
  "version": "1.0",
  "lockfileVersion": 1,
  "requires": true,
  "dependencies": {
    "js-sha256": {
      "version": "0.6.0",
      "resolved": "https://registry.npmjs.org/js-sha256/-/js-sha256-0.6.0.tgz",
      "integrity": "sha1-f8NpNSbFPTnbnar2NTftOEFqupY="
    },
    "push.js": {
      "version": "1.0.4",
      "resolved": "https://registry.npmjs.org/push.js/-/push.js-1.0.4.tgz",
      "integrity": "sha512-aj/KIuPGdsH46Qit5Bj25cP098effzG0lwygMktZmgthfJ7s7hIThjR+3WbUPwZN4Syigo51sN9KsBo/ZHhkZA=="
    }
  }
}
